
Microsoft Visual Studio Solution File, Format Version 12.00
# Visual Studio Version 16
VisualStudioVersion = 16.0.29009.5
MinimumVisualStudioVersion = 10.0.40219.1
Project("{FAE04EC0-301F-11D3-BF4B-00C04F79EFBC}") = "CapStone_Pig Latin", "CapStone_Pig Latin\CapStone_Pig Latin.csproj", "{E9EE2B8B-6A8B-4F95-B5B3-AD2799E58685}"
EndProject
Global
	GlobalSection(SolutionConfigurationPlatforms) = preSolution
		Debug|Any CPU = Debug|Any CPU
		Release|Any CPU = Release|Any CPU
	EndGlobalSection
	GlobalSection(ProjectConfigurationPlatforms) = postSolution
		{E9EE2B8B-6A8B-4F95-B5B3-AD2799E58685}.Debug|Any CPU.ActiveCfg = Debug|Any CPU
		{E9EE2B8B-6A8B-4F95-B5B3-AD2799E58685}.Debug|Any CPU.Build.0 = Debug|Any CPU
		{E9EE2B8B-6A8B-4F95-B5B3-AD2799E58685}.Release|Any CPU.ActiveCfg = Release|Any CPU
		{E9EE2B8B-6A8B-4F95-B5B3-AD2799E58685}.Release|Any CPU.Build.0 = Release|Any CPU
	EndGlobalSection
	GlobalSection(SolutionProperties) = preSolution
		HideSolutionNode = FALSE
	EndGlobalSection
	GlobalSection(ExtensibilityGlobals) = postSolution
		SolutionGuid = {BEE942C1-337C-405A-A06C-0A3C74D42B88}
	EndGlobalSection
EndGlobal
